// !$*UTF8*$!
{
	archiveVersion = 1;
	classes = {
	};
	objectVersion = 77;
	objects = {

/* Begin PBXBuildFile section */
		4C7702D969488D28E502F65A /* Pods_HXSDK_iOS_Example.framework in Frameworks */ = {isa = PBXBuildFile; fileRef = C9D13B5405733BD347790913 /* Pods_HXSDK_iOS_Example.framework */; };
		574ADB018209BB4801808D55 /* Pods_HXSDK_OC_Example.framework in Frameworks */ = {isa = PBXBuildFile; fileRef = 33E91986E10ED39D63EA53C6 /* Pods_HXSDK_OC_Example.framework */; };
		5BB0BA3E85B8C3F1F7C65F02 /* Pods_HXSDK_iOS_ExampleTests.framework in Frameworks */ = {isa = PBXBuildFile; fileRef = DA25712A9D57B055FCAD4170 /* Pods_HXSDK_iOS_ExampleTests.framework */; };
		E4737A8E2D9A37A300B4F7B0 /* README.md in Resources */ = {isa = PBXBuildFile; fileRef = E4737A8B2D9A37A300B4F7B0 /* README.md */; };
		E4737A8F2D9A37A300B4F7B0 /* HXSDK.podspec in Resources */ = {isa = PBXBuildFile; fileRef = E4737A8A2D9A37A300B4F7B0 /* HXSDK.podspec */; };
		E4737A902D9A37A300B4F7B0 /* LICENSE in Resources */ = {isa = PBXBuildFile; fileRef = E4737A8C2D9A37A300B4F7B0 /* LICENSE */; };
		E66E21F18B7367885AF8DFCE /* Pods_HXSDK_iOS_Example_HXSDK_iOS_ExampleUITests.framework in Frameworks */ = {isa = PBXBuildFile; fileRef = F00C7CC3153B142EA350E6EC /* Pods_HXSDK_iOS_Example_HXSDK_iOS_ExampleUITests.framework */; };
/* End PBXBuildFile section */

/* Begin PBXContainerItemProxy section */
		E41EA5092DFC787900923562 /* PBXContainerItemProxy */ = {
			isa = PBXContainerItemProxy;
			containerPortal = E48C3EC62D99784A00557E1A /* Project object */;
			proxyType = 1;
			remoteGlobalIDString = E41EA4ED2DFC787800923562;
			remoteInfo = "HXSDK-OC-Example";
		};
		E41EA5132DFC787900923562 /* PBXContainerItemProxy */ = {
			isa = PBXContainerItemProxy;
			containerPortal = E48C3EC62D99784A00557E1A /* Project object */;
			proxyType = 1;
			remoteGlobalIDString = E41EA4ED2DFC787800923562;
			remoteInfo = "HXSDK-OC-Example";
		};
		E48C3EE52D99784B00557E1A /* PBXContainerItemProxy */ = {
			isa = PBXContainerItemProxy;
			containerPortal = E48C3EC62D99784A00557E1A /* Project object */;
			proxyType = 1;
			remoteGlobalIDString = E48C3ECD2D99784A00557E1A;
			remoteInfo = "HXSDK-iOS-Example";
		};
		E48C3EEF2D99784B00557E1A /* PBXContainerItemProxy */ = {
			isa = PBXContainerItemProxy;
			containerPortal = E48C3EC62D99784A00557E1A /* Project object */;
			proxyType = 1;
			remoteGlobalIDString = E48C3ECD2D99784A00557E1A;
			remoteInfo = "HXSDK-iOS-Example";
		};
/* End PBXContainerItemProxy section */

/* Begin PBXFileReference section */
		174BEC0AE87BEB786928B04D /* Pods-HXSDK-OC-Example.debug.xcconfig */ = {isa = PBXFileReference; includeInIndex = 1; lastKnownFileType = text.xcconfig; name = "Pods-HXSDK-OC-Example.debug.xcconfig"; path = "Target Support Files/Pods-HXSDK-OC-Example/Pods-HXSDK-OC-Example.debug.xcconfig"; sourceTree = "<group>"; };
		32F77B89FCD145CD6A2CCCFD /* Pods-HXSDK-iOS-Example.debug.xcconfig */ = {isa = PBXFileReference; includeInIndex = 1; lastKnownFileType = text.xcconfig; name = "Pods-HXSDK-iOS-Example.debug.xcconfig"; path = "Target Support Files/Pods-HXSDK-iOS-Example/Pods-HXSDK-iOS-Example.debug.xcconfig"; sourceTree = "<group>"; };
		33E91986E10ED39D63EA53C6 /* Pods_HXSDK_OC_Example.framework */ = {isa = PBXFileReference; explicitFileType = wrapper.framework; includeInIndex = 0; path = Pods_HXSDK_OC_Example.framework; sourceTree = BUILT_PRODUCTS_DIR; };
		462B21562A63EAE51757CACA /* Pods-HXSDK-iOS-ExampleTests.debug.xcconfig */ = {isa = PBXFileReference; includeInIndex = 1; lastKnownFileType = text.xcconfig; name = "Pods-HXSDK-iOS-ExampleTests.debug.xcconfig"; path = "Target Support Files/Pods-HXSDK-iOS-ExampleTests/Pods-HXSDK-iOS-ExampleTests.debug.xcconfig"; sourceTree = "<group>"; };
		694B28670E01C3955AB5FF22 /* Pods-HXSDK-iOS-ExampleTests.release.xcconfig */ = {isa = PBXFileReference; includeInIndex = 1; lastKnownFileType = text.xcconfig; name = "Pods-HXSDK-iOS-ExampleTests.release.xcconfig"; path = "Target Support Files/Pods-HXSDK-iOS-ExampleTests/Pods-HXSDK-iOS-ExampleTests.release.xcconfig"; sourceTree = "<group>"; };
		9CFAFB36473AEA085A1C401D /* Pods-HXSDK-iOS-Example.release.xcconfig */ = {isa = PBXFileReference; includeInIndex = 1; lastKnownFileType = text.xcconfig; name = "Pods-HXSDK-iOS-Example.release.xcconfig"; path = "Target Support Files/Pods-HXSDK-iOS-Example/Pods-HXSDK-iOS-Example.release.xcconfig"; sourceTree = "<group>"; };
		A19DF006DCB51AC23F7915AD /* Pods-HXSDK-OC-Example.release.xcconfig */ = {isa = PBXFileReference; includeInIndex = 1; lastKnownFileType = text.xcconfig; name = "Pods-HXSDK-OC-Example.release.xcconfig"; path = "Target Support Files/Pods-HXSDK-OC-Example/Pods-HXSDK-OC-Example.release.xcconfig"; sourceTree = "<group>"; };
		A72C4476D95388E3FB93E98E /* Pods-HXSDK-iOS-Example-HXSDK-iOS-ExampleUITests.debug.xcconfig */ = {isa = PBXFileReference; includeInIndex = 1; lastKnownFileType = text.xcconfig; name = "Pods-HXSDK-iOS-Example-HXSDK-iOS-ExampleUITests.debug.xcconfig"; path = "Target Support Files/Pods-HXSDK-iOS-Example-HXSDK-iOS-ExampleUITests/Pods-HXSDK-iOS-Example-HXSDK-iOS-ExampleUITests.debug.xcconfig"; sourceTree = "<group>"; };
		ABFDFCD410758F070DE1AE2C /* Pods-HXSDK-iOS-Example-HXSDK-iOS-ExampleUITests.release.xcconfig */ = {isa = PBXFileReference; includeInIndex = 1; lastKnownFileType = text.xcconfig; name = "Pods-HXSDK-iOS-Example-HXSDK-iOS-ExampleUITests.release.xcconfig"; path = "Target Support Files/Pods-HXSDK-iOS-Example-HXSDK-iOS-ExampleUITests/Pods-HXSDK-iOS-Example-HXSDK-iOS-ExampleUITests.release.xcconfig"; sourceTree = "<group>"; };
		C9D13B5405733BD347790913 /* Pods_HXSDK_iOS_Example.framework */ = {isa = PBXFileReference; explicitFileType = wrapper.framework; includeInIndex = 0; path = Pods_HXSDK_iOS_Example.framework; sourceTree = BUILT_PRODUCTS_DIR; };
		DA25712A9D57B055FCAD4170 /* Pods_HXSDK_iOS_ExampleTests.framework */ = {isa = PBXFileReference; explicitFileType = wrapper.framework; includeInIndex = 0; path = Pods_HXSDK_iOS_ExampleTests.framework; sourceTree = BUILT_PRODUCTS_DIR; };
		E41EA4EE2DFC787800923562 /* HXSDK-OC-Example.app */ = {isa = PBXFileReference; explicitFileType = wrapper.application; includeInIndex = 0; path = "HXSDK-OC-Example.app"; sourceTree = BUILT_PRODUCTS_DIR; };
		E41EA5082DFC787900923562 /* HXSDK-OC-ExampleTests.xctest */ = {isa = PBXFileReference; explicitFileType = wrapper.cfbundle; includeInIndex = 0; path = "HXSDK-OC-ExampleTests.xctest"; sourceTree = BUILT_PRODUCTS_DIR; };
		E41EA5122DFC787900923562 /* HXSDK-OC-ExampleUITests.xctest */ = {isa = PBXFileReference; explicitFileType = wrapper.cfbundle; includeInIndex = 0; path = "HXSDK-OC-ExampleUITests.xctest"; sourceTree = BUILT_PRODUCTS_DIR; };
		E4737A8A2D9A37A300B4F7B0 /* HXSDK.podspec */ = {isa = PBXFileReference; lastKnownFileType = text; name = HXSDK.podspec; path = ../HXSDK.podspec; sourceTree = "<group>"; xcLanguageSpecificationIdentifier = xcode.lang.ruby; };
		E4737A8B2D9A37A300B4F7B0 /* README.md */ = {isa = PBXFileReference; lastKnownFileType = net.daringfireball.markdown; name = README.md; path = ../README.md; sourceTree = "<group>"; };
		E4737A8C2D9A37A300B4F7B0 /* LICENSE */ = {isa = PBXFileReference; lastKnownFileType = text; name = LICENSE; path = ../LICENSE; sourceTree = "<group>"; };
		E48C3ECE2D99784A00557E1A /* HXSDK-iOS-Example.app */ = {isa = PBXFileReference; explicitFileType = wrapper.application; includeInIndex = 0; path = "HXSDK-iOS-Example.app"; sourceTree = BUILT_PRODUCTS_DIR; };
		E48C3EE42D99784B00557E1A /* HXSDK-iOS-ExampleTests.xctest */ = {isa = PBXFileReference; explicitFileType = wrapper.cfbundle; includeInIndex = 0; path = "HXSDK-iOS-ExampleTests.xctest"; sourceTree = BUILT_PRODUCTS_DIR; };
		E48C3EEE2D99784B00557E1A /* HXSDK-iOS-ExampleUITests.xctest */ = {isa = PBXFileReference; explicitFileType = wrapper.cfbundle; includeInIndex = 0; path = "HXSDK-iOS-ExampleUITests.xctest"; sourceTree = BUILT_PRODUCTS_DIR; };
		F00C7CC3153B142EA350E6EC /* Pods_HXSDK_iOS_Example_HXSDK_iOS_ExampleUITests.framework */ = {isa = PBXFileReference; explicitFileType = wrapper.framework; includeInIndex = 0; path = Pods_HXSDK_iOS_Example_HXSDK_iOS_ExampleUITests.framework; sourceTree = BUILT_PRODUCTS_DIR; };
/* End PBXFileReference section */

/* Begin PBXFileSystemSynchronizedBuildFileExceptionSet section */
		E41EA5202DFC787900923562 /* Exceptions for "HXSDK-OC-Example" folder in "HXSDK-OC-Example" target */ = {
			isa = PBXFileSystemSynchronizedBuildFileExceptionSet;
			membershipExceptions = (
				Info.plist,
			);
			target = E41EA4ED2DFC787800923562 /* HXSDK-OC-Example */;
		};
		E48C3EF62D99784B00557E1A /* Exceptions for "HXSDK-iOS-Example" folder in "HXSDK-iOS-Example" target */ = {
			isa = PBXFileSystemSynchronizedBuildFileExceptionSet;
			membershipExceptions = (
				Info.plist,
			);
			target = E48C3ECD2D99784A00557E1A /* HXSDK-iOS-Example */;
		};
/* End PBXFileSystemSynchronizedBuildFileExceptionSet section */

/* Begin PBXFileSystemSynchronizedRootGroup section */
		E41EA4EF2DFC787800923562 /* HXSDK-OC-Example */ = {
			isa = PBXFileSystemSynchronizedRootGroup;
			exceptions = (
				E41EA5202DFC787900923562 /* Exceptions for "HXSDK-OC-Example" folder in "HXSDK-OC-Example" target */,
			);
			path = "HXSDK-OC-Example";
			sourceTree = "<group>";
		};
		E41EA50B2DFC787900923562 /* HXSDK-OC-ExampleTests */ = {
			isa = PBXFileSystemSynchronizedRootGroup;
			exceptions = (
			);
			path = "HXSDK-OC-ExampleTests";
			sourceTree = "<group>";
		};
		E41EA5152DFC787900923562 /* HXSDK-OC-ExampleUITests */ = {
			isa = PBXFileSystemSynchronizedRootGroup;
			exceptions = (
			);
			path = "HXSDK-OC-ExampleUITests";
			sourceTree = "<group>";
		};
		E48C3ED02D99784A00557E1A /* HXSDK-iOS-Example */ = {
			isa = PBXFileSystemSynchronizedRootGroup;
			exceptions = (
				E48C3EF62D99784B00557E1A /* Exceptions for "HXSDK-iOS-Example" folder in "HXSDK-iOS-Example" target */,
			);
			path = "HXSDK-iOS-Example";
			sourceTree = "<group>";
		};
		E48C3EE72D99784B00557E1A /* HXSDK-iOS-ExampleTests */ = {
			isa = PBXFileSystemSynchronizedRootGroup;
			exceptions = (
			);
			path = "HXSDK-iOS-ExampleTests";
			sourceTree = "<group>";
		};
		E48C3EF12D99784B00557E1A /* HXSDK-iOS-ExampleUITests */ = {
			isa = PBXFileSystemSynchronizedRootGroup;
			exceptions = (
			);
			path = "HXSDK-iOS-ExampleUITests";
			sourceTree = "<group>";
		};
/* End PBXFileSystemSynchronizedRootGroup section */

/* Begin PBXFrameworksBuildPhase section */
		E41EA4EB2DFC787800923562 /* Frameworks */ = {
			isa = PBXFrameworksBuildPhase;
			buildActionMask = 2147483647;
			files = (
				574ADB018209BB4801808D55 /* Pods_HXSDK_OC_Example.framework in Frameworks */,
			);
			runOnlyForDeploymentPostprocessing = 0;
		};
		E41EA5052DFC787900923562 /* Frameworks */ = {
			isa = PBXFrameworksBuildPhase;
			buildActionMask = 2147483647;
			files = (
			);
			runOnlyForDeploymentPostprocessing = 0;
		};
		E41EA50F2DFC787900923562 /* Frameworks */ = {
			isa = PBXFrameworksBuildPhase;
			buildActionMask = 2147483647;
			files = (
			);
			runOnlyForDeploymentPostprocessing = 0;
		};
		E48C3ECB2D99784A00557E1A /* Frameworks */ = {
			isa = PBXFrameworksBuildPhase;
			buildActionMask = 2147483647;
			files = (
				4C7702D969488D28E502F65A /* Pods_HXSDK_iOS_Example.framework in Frameworks */,
			);
			runOnlyForDeploymentPostprocessing = 0;
		};
		E48C3EE12D99784B00557E1A /* Frameworks */ = {
			isa = PBXFrameworksBuildPhase;
			buildActionMask = 2147483647;
			files = (
				5BB0BA3E85B8C3F1F7C65F02 /* Pods_HXSDK_iOS_ExampleTests.framework in Frameworks */,
			);
			runOnlyForDeploymentPostprocessing = 0;
		};
		E48C3EEB2D99784B00557E1A /* Frameworks */ = {
			isa = PBXFrameworksBuildPhase;
			buildActionMask = 2147483647;
			files = (
				E66E21F18B7367885AF8DFCE /* Pods_HXSDK_iOS_Example_HXSDK_iOS_ExampleUITests.framework in Frameworks */,
			);
			runOnlyForDeploymentPostprocessing = 0;
		};
/* End PBXFrameworksBuildPhase section */

/* Begin PBXGroup section */
		35A5DCBEC3BF11C72D231651 /* Frameworks */ = {
			isa = PBXGroup;
			children = (
				C9D13B5405733BD347790913 /* Pods_HXSDK_iOS_Example.framework */,
				F00C7CC3153B142EA350E6EC /* Pods_HXSDK_iOS_Example_HXSDK_iOS_ExampleUITests.framework */,
				DA25712A9D57B055FCAD4170 /* Pods_HXSDK_iOS_ExampleTests.framework */,
				33E91986E10ED39D63EA53C6 /* Pods_HXSDK_OC_Example.framework */,
			);
			name = Frameworks;
			sourceTree = "<group>";
		};
		E1C2CCAD982633ACD1964797 /* Pods */ = {
			isa = PBXGroup;
			children = (
				32F77B89FCD145CD6A2CCCFD /* Pods-HXSDK-iOS-Example.debug.xcconfig */,
				9CFAFB36473AEA085A1C401D /* Pods-HXSDK-iOS-Example.release.xcconfig */,
				A72C4476D95388E3FB93E98E /* Pods-HXSDK-iOS-Example-HXSDK-iOS-ExampleUITests.debug.xcconfig */,
				ABFDFCD410758F070DE1AE2C /* Pods-HXSDK-iOS-Example-HXSDK-iOS-ExampleUITests.release.xcconfig */,
				462B21562A63EAE51757CACA /* Pods-HXSDK-iOS-ExampleTests.debug.xcconfig */,
				694B28670E01C3955AB5FF22 /* Pods-HXSDK-iOS-ExampleTests.release.xcconfig */,
				174BEC0AE87BEB786928B04D /* Pods-HXSDK-OC-Example.debug.xcconfig */,
				A19DF006DCB51AC23F7915AD /* Pods-HXSDK-OC-Example.release.xcconfig */,
			);
			path = Pods;
			sourceTree = "<group>";
		};
		E4737A8D2D9A37A300B4F7B0 /* Podspec Metadata */ = {
			isa = PBXGroup;
			children = (
				E4737A8A2D9A37A300B4F7B0 /* HXSDK.podspec */,
				E4737A8B2D9A37A300B4F7B0 /* README.md */,
				E4737A8C2D9A37A300B4F7B0 /* LICENSE */,
			);
			name = "Podspec Metadata";
			sourceTree = "<group>";
		};
		E48C3EC52D99784A00557E1A = {
			isa = PBXGroup;
			children = (
				E4737A8D2D9A37A300B4F7B0 /* Podspec Metadata */,
				E48C3ED02D99784A00557E1A /* HXSDK-iOS-Example */,
				E48C3EE72D99784B00557E1A /* HXSDK-iOS-ExampleTests */,
				E48C3EF12D99784B00557E1A /* HXSDK-iOS-ExampleUITests */,
				E41EA4EF2DFC787800923562 /* HXSDK-OC-Example */,
				E41EA50B2DFC787900923562 /* HXSDK-OC-ExampleTests */,
				E41EA5152DFC787900923562 /* HXSDK-OC-ExampleUITests */,
				E48C3ECF2D99784A00557E1A /* Products */,
				E1C2CCAD982633ACD1964797 /* Pods */,
				35A5DCBEC3BF11C72D231651 /* Frameworks */,
			);
			sourceTree = "<group>";
		};
		E48C3ECF2D99784A00557E1A /* Products */ = {
			isa = PBXGroup;
			children = (
				E48C3ECE2D99784A00557E1A /* HXSDK-iOS-Example.app */,
				E48C3EE42D99784B00557E1A /* HXSDK-iOS-ExampleTests.xctest */,
				E48C3EEE2D99784B00557E1A /* HXSDK-iOS-ExampleUITests.xctest */,
				E41EA4EE2DFC787800923562 /* HXSDK-OC-Example.app */,
				E41EA5082DFC787900923562 /* HXSDK-OC-ExampleTests.xctest */,
				E41EA5122DFC787900923562 /* HXSDK-OC-ExampleUITests.xctest */,
			);
			name = Products;
			sourceTree = "<group>";
		};
/* End PBXGroup section */

/* Begin PBXNativeTarget section */
		E41EA4ED2DFC787800923562 /* HXSDK-OC-Example */ = {
			isa = PBXNativeTarget;
			buildConfigurationList = E41EA5212DFC787900923562 /* Build configuration list for PBXNativeTarget "HXSDK-OC-Example" */;
			buildPhases = (
				AFF97EF52428D0CD2F559CCA /* [CP] Check Pods Manifest.lock */,
				E41EA4EA2DFC787800923562 /* Sources */,
				E41EA4EB2DFC787800923562 /* Frameworks */,
				E41EA4EC2DFC787800923562 /* Resources */,
				1A3C69A342002FC693DC5B20 /* [CP] Copy Pods Resources */,
			);
			buildRules = (
			);
			dependencies = (
			);
			fileSystemSynchronizedGroups = (
				E41EA4EF2DFC787800923562 /* HXSDK-OC-Example */,
			);
			name = "HXSDK-OC-Example";
			productName = "HXSDK-OC-Example";
			productReference = E41EA4EE2DFC787800923562 /* HXSDK-OC-Example.app */;
			productType = "com.apple.product-type.application";
		};
		E41EA5072DFC787900923562 /* HXSDK-OC-ExampleTests */ = {
			isa = PBXNativeTarget;
			buildConfigurationList = E41EA5222DFC787900923562 /* Build configuration list for PBXNativeTarget "HXSDK-OC-ExampleTests" */;
			buildPhases = (
				E41EA5042DFC787900923562 /* Sources */,
				E41EA5052DFC787900923562 /* Frameworks */,
				E41EA5062DFC787900923562 /* Resources */,
			);
			buildRules = (
			);
			dependencies = (
				E41EA50A2DFC787900923562 /* PBXTargetDependency */,
			);
			fileSystemSynchronizedGroups = (
				E41EA50B2DFC787900923562 /* HXSDK-OC-ExampleTests */,
			);
			name = "HXSDK-OC-ExampleTests";
			productName = "HXSDK-OC-ExampleTests";
			productReference = E41EA5082DFC787900923562 /* HXSDK-OC-ExampleTests.xctest */;
			productType = "com.apple.product-type.bundle.unit-test";
		};
		E41EA5112DFC787900923562 /* HXSDK-OC-ExampleUITests */ = {
			isa = PBXNativeTarget;
			buildConfigurationList = E41EA5232DFC787900923562 /* Build configuration list for PBXNativeTarget "HXSDK-OC-ExampleUITests" */;
			buildPhases = (
				E41EA50E2DFC787900923562 /* Sources */,
				E41EA50F2DFC787900923562 /* Frameworks */,
				E41EA5102DFC787900923562 /* Resources */,
			);
			buildRules = (
			);
			dependencies = (
				E41EA5142DFC787900923562 /* PBXTargetDependency */,
			);
			fileSystemSynchronizedGroups = (
				E41EA5152DFC787900923562 /* HXSDK-OC-ExampleUITests */,
			);
			name = "HXSDK-OC-ExampleUITests";
			productName = "HXSDK-OC-ExampleUITests";
			productReference = E41EA5122DFC787900923562 /* HXSDK-OC-ExampleUITests.xctest */;
			productType = "com.apple.product-type.bundle.ui-testing";
		};
		E48C3ECD2D99784A00557E1A /* HXSDK-iOS-Example */ = {
			isa = PBXNativeTarget;
			buildConfigurationList = E48C3EF72D99784B00557E1A /* Build configuration list for PBXNativeTarget "HXSDK-iOS-Example" */;
			buildPhases = (
				3F9321907091FE7B974BE71C /* [CP] Check Pods Manifest.lock */,
				E48C3ECA2D99784A00557E1A /* Sources */,
				E48C3ECB2D99784A00557E1A /* Frameworks */,
				E48C3ECC2D99784A00557E1A /* Resources */,
				1B7DAFEAE0667BA623E9D3BD /* [CP] Copy Pods Resources */,
			);
			buildRules = (
			);
			dependencies = (
			);
			fileSystemSynchronizedGroups = (
				E48C3ED02D99784A00557E1A /* HXSDK-iOS-Example */,
			);
			name = "HXSDK-iOS-Example";
			productName = "HXSDK-iOS-Example";
			productReference = E48C3ECE2D99784A00557E1A /* HXSDK-iOS-Example.app */;
			productType = "com.apple.product-type.application";
		};
		E48C3EE32D99784B00557E1A /* HXSDK-iOS-ExampleTests */ = {
			isa = PBXNativeTarget;
			buildConfigurationList = E48C3EFC2D99784B00557E1A /* Build configuration list for PBXNativeTarget "HXSDK-iOS-ExampleTests" */;
			buildPhases = (
				68A4A6FFC466B312D6DC205F /* [CP] Check Pods Manifest.lock */,
				E48C3EE02D99784B00557E1A /* Sources */,
				E48C3EE12D99784B00557E1A /* Frameworks */,
				E48C3EE22D99784B00557E1A /* Resources */,
			);
			buildRules = (
			);
			dependencies = (
				E48C3EE62D99784B00557E1A /* PBXTargetDependency */,
			);
			fileSystemSynchronizedGroups = (
				E48C3EE72D99784B00557E1A /* HXSDK-iOS-ExampleTests */,
			);
			name = "HXSDK-iOS-ExampleTests";
			productName = "HXSDK-iOS-ExampleTests";
			productReference = E48C3EE42D99784B00557E1A /* HXSDK-iOS-ExampleTests.xctest */;
			productType = "com.apple.product-type.bundle.unit-test";
		};
		E48C3EED2D99784B00557E1A /* HXSDK-iOS-ExampleUITests */ = {
			isa = PBXNativeTarget;
			buildConfigurationList = E48C3EFF2D99784B00557E1A /* Build configuration list for PBXNativeTarget "HXSDK-iOS-ExampleUITests" */;
			buildPhases = (
				7C7FF4F1699CEBEA2EAC0B31 /* [CP] Check Pods Manifest.lock */,
				E48C3EEA2D99784B00557E1A /* Sources */,
				E48C3EEB2D99784B00557E1A /* Frameworks */,
				E48C3EEC2D99784B00557E1A /* Resources */,
				6BAE55E288D2A5D1393DDF38 /* [CP] Copy Pods Resources */,
			);
			buildRules = (
			);
			dependencies = (
				E48C3EF02D99784B00557E1A /* PBXTargetDependency */,
			);
			fileSystemSynchronizedGroups = (
				E48C3EF12D99784B00557E1A /* HXSDK-iOS-ExampleUITests */,
			);
			name = "HXSDK-iOS-ExampleUITests";
			productName = "HXSDK-iOS-ExampleUITests";
			productReference = E48C3EEE2D99784B00557E1A /* HXSDK-iOS-ExampleUITests.xctest */;
			productType = "com.apple.product-type.bundle.ui-testing";
		};
/* End PBXNativeTarget section */

/* Begin PBXProject section */
		E48C3EC62D99784A00557E1A /* Project object */ = {
			isa = PBXProject;
			attributes = {
				BuildIndependentTargetsInParallel = 1;
				LastSwiftUpdateCheck = 1610;
				LastUpgradeCheck = 1610;
				TargetAttributes = {
					E41EA4ED2DFC787800923562 = {
						CreatedOnToolsVersion = 16.1;
					};
					E41EA5072DFC787900923562 = {
						CreatedOnToolsVersion = 16.1;
						TestTargetID = E41EA4ED2DFC787800923562;
					};
					E41EA5112DFC787900923562 = {
						CreatedOnToolsVersion = 16.1;
						TestTargetID = E41EA4ED2DFC787800923562;
					};
					E48C3ECD2D99784A00557E1A = {
						CreatedOnToolsVersion = 16.1;
					};
					E48C3EE32D99784B00557E1A = {
						CreatedOnToolsVersion = 16.1;
						TestTargetID = E48C3ECD2D99784A00557E1A;
					};
					E48C3EED2D99784B00557E1A = {
						CreatedOnToolsVersion = 16.1;
						TestTargetID = E48C3ECD2D99784A00557E1A;
					};
				};
			};
			buildConfigurationList = E48C3EC92D99784A00557E1A /* Build configuration list for PBXProject "HXSDK-iOS-Example" */;
			developmentRegion = en;
			hasScannedForEncodings = 0;
			knownRegions = (
				en,
				Base,
			);
			mainGroup = E48C3EC52D99784A00557E1A;
			minimizedProjectReferenceProxies = 1;
			preferredProjectObjectVersion = 77;
			productRefGroup = E48C3ECF2D99784A00557E1A /* Products */;
			projectDirPath = "";
			projectRoot = "";
			targets = (
				E48C3ECD2D99784A00557E1A /* HXSDK-iOS-Example */,
				E48C3EE32D99784B00557E1A /* HXSDK-iOS-ExampleTests */,
				E48C3EED2D99784B00557E1A /* HXSDK-iOS-ExampleUITests */,
				E41EA4ED2DFC787800923562 /* HXSDK-OC-Example */,
				E41EA5072DFC787900923562 /* HXSDK-OC-ExampleTests */,
				E41EA5112DFC787900923562 /* HXSDK-OC-ExampleUITests */,
			);
		};
/* End PBXProject section */

/* Begin PBXResourcesBuildPhase section */
		E41EA4EC2DFC787800923562 /* Resources */ = {
			isa = PBXResourcesBuildPhase;
			buildActionMask = 2147483647;
			files = (
			);
			runOnlyForDeploymentPostprocessing = 0;
		};
		E41EA5062DFC787900923562 /* Resources */ = {
			isa = PBXResourcesBuildPhase;
			buildActionMask = 2147483647;
			files = (
			);
			runOnlyForDeploymentPostprocessing = 0;
		};
		E41EA5102DFC787900923562 /* Resources */ = {
			isa = PBXResourcesBuildPhase;
			buildActionMask = 2147483647;
			files = (
			);
			runOnlyForDeploymentPostprocessing = 0;
		};
		E48C3ECC2D99784A00557E1A /* Resources */ = {
			isa = PBXResourcesBuildPhase;
			buildActionMask = 2147483647;
			files = (
				E4737A8E2D9A37A300B4F7B0 /* README.md in Resources */,
				E4737A8F2D9A37A300B4F7B0 /* HXSDK.podspec in Resources */,
				E4737A902D9A37A300B4F7B0 /* LICENSE in Resources */,
			);
			runOnlyForDeploymentPostprocessing = 0;
		};
		E48C3EE22D99784B00557E1A /* Resources */ = {
			isa = PBXResourcesBuildPhase;
			buildActionMask = 2147483647;
			files = (
			);
			runOnlyForDeploymentPostprocessing = 0;
		};
		E48C3EEC2D99784B00557E1A /* Resources */ = {
			isa = PBXResourcesBuildPhase;
			buildActionMask = 2147483647;
			files = (
			);
			runOnlyForDeploymentPostprocessing = 0;
		};
/* End PBXResourcesBuildPhase section */

/* Begin PBXShellScriptBuildPhase section */
		1A3C69A342002FC693DC5B20 /* [CP] Copy Pods Resources */ = {
			isa = PBXShellScriptBuildPhase;
			buildActionMask = 2147483647;
			files = (
			);
			inputFileListPaths = (
				"${PODS_ROOT}/Target Support Files/Pods-HXSDK-OC-Example/Pods-HXSDK-OC-Example-resources-${CONFIGURATION}-input-files.xcfilelist",
			);
			name = "[CP] Copy Pods Resources";
			outputFileListPaths = (
				"${PODS_ROOT}/Target Support Files/Pods-HXSDK-OC-Example/Pods-HXSDK-OC-Example-resources-${CONFIGURATION}-output-files.xcfilelist",
			);
			runOnlyForDeploymentPostprocessing = 0;
			shellPath = /bin/sh;
			shellScript = "\"${PODS_ROOT}/Target Support Files/Pods-HXSDK-OC-Example/Pods-HXSDK-OC-Example-resources.sh\"\n";
			showEnvVarsInLog = 0;
		};
		1B7DAFEAE0667BA623E9D3BD /* [CP] Copy Pods Resources */ = {
			isa = PBXShellScriptBuildPhase;
			buildActionMask = 2147483647;
			files = (
			);
			inputFileListPaths = (
				"${PODS_ROOT}/Target Support Files/Pods-HXSDK-iOS-Example/Pods-HXSDK-iOS-Example-resources-${CONFIGURATION}-input-files.xcfilelist",
			);
			name = "[CP] Copy Pods Resources";
			outputFileListPaths = (
				"${PODS_ROOT}/Target Support Files/Pods-HXSDK-iOS-Example/Pods-HXSDK-iOS-Example-resources-${CONFIGURATION}-output-files.xcfilelist",
			);
			runOnlyForDeploymentPostprocessing = 0;
			shellPath = /bin/sh;
			shellScript = "\"${PODS_ROOT}/Target Support Files/Pods-HXSDK-iOS-Example/Pods-HXSDK-iOS-Example-resources.sh\"\n";
			showEnvVarsInLog = 0;
		};
		3F9321907091FE7B974BE71C /* [CP] Check Pods Manifest.lock */ = {
			isa = PBXShellScriptBuildPhase;
			buildActionMask = 2147483647;
			files = (
			);
			inputFileListPaths = (
			);
			inputPaths = (
				"${PODS_PODFILE_DIR_PATH}/Podfile.lock",
				"${PODS_ROOT}/Manifest.lock",
			);
			name = "[CP] Check Pods Manifest.lock";
			outputFileListPaths = (
			);
			outputPaths = (
				"$(DERIVED_FILE_DIR)/Pods-HXSDK-iOS-Example-checkManifestLockResult.txt",
			);
			runOnlyForDeploymentPostprocessing = 0;
			shellPath = /bin/sh;
			shellScript = "diff \"${PODS_PODFILE_DIR_PATH}/Podfile.lock\" \"${PODS_ROOT}/Manifest.lock\" > /dev/null\nif [ $? != 0 ] ; then\n    # print error to STDERR\n    echo \"error: The sandbox is not in sync with the Podfile.lock. Run 'pod install' or update your CocoaPods installation.\" >&2\n    exit 1\nfi\n# This output is used by Xcode 'outputs' to avoid re-running this script phase.\necho \"SUCCESS\" > \"${SCRIPT_OUTPUT_FILE_0}\"\n";
			showEnvVarsInLog = 0;
		};
		68A4A6FFC466B312D6DC205F /* [CP] Check Pods Manifest.lock */ = {
			isa = PBXShellScriptBuildPhase;
			buildActionMask = 2147483647;
			files = (
			);
			inputFileListPaths = (
			);
			inputPaths = (
				"${PODS_PODFILE_DIR_PATH}/Podfile.lock",
				"${PODS_ROOT}/Manifest.lock",
			);
			name = "[CP] Check Pods Manifest.lock";
			outputFileListPaths = (
			);
			outputPaths = (
				"$(DERIVED_FILE_DIR)/Pods-HXSDK-iOS-ExampleTests-checkManifestLockResult.txt",
			);
			runOnlyForDeploymentPostprocessing = 0;
			shellPath = /bin/sh;
			shellScript = "diff \"${PODS_PODFILE_DIR_PATH}/Podfile.lock\" \"${PODS_ROOT}/Manifest.lock\" > /dev/null\nif [ $? != 0 ] ; then\n    # print error to STDERR\n    echo \"error: The sandbox is not in sync with the Podfile.lock. Run 'pod install' or update your CocoaPods installation.\" >&2\n    exit 1\nfi\n# This output is used by Xcode 'outputs' to avoid re-running this script phase.\necho \"SUCCESS\" > \"${SCRIPT_OUTPUT_FILE_0}\"\n";
			showEnvVarsInLog = 0;
		};
		6BAE55E288D2A5D1393DDF38 /* [CP] Copy Pods Resources */ = {
			isa = PBXShellScriptBuildPhase;
			buildActionMask = 2147483647;
			files = (
			);
			inputFileListPaths = (
				"${PODS_ROOT}/Target Support Files/Pods-HXSDK-iOS-Example-HXSDK-iOS-ExampleUITests/Pods-HXSDK-iOS-Example-HXSDK-iOS-ExampleUITests-resources-${CONFIGURATION}-input-files.xcfilelist",
			);
			name = "[CP] Copy Pods Resources";
			outputFileListPaths = (
				"${PODS_ROOT}/Target Support Files/Pods-HXSDK-iOS-Example-HXSDK-iOS-ExampleUITests/Pods-HXSDK-iOS-Example-HXSDK-iOS-ExampleUITests-resources-${CONFIGURATION}-output-files.xcfilelist",
			);
			runOnlyForDeploymentPostprocessing = 0;
			shellPath = /bin/sh;
			shellScript = "\"${PODS_ROOT}/Target Support Files/Pods-HXSDK-iOS-Example-HXSDK-iOS-ExampleUITests/Pods-HXSDK-iOS-Example-HXSDK-iOS-ExampleUITests-resources.sh\"\n";
			showEnvVarsInLog = 0;
		};
		7C7FF4F1699CEBEA2EAC0B31 /* [CP] Check Pods Manifest.lock */ = {
			isa = PBXShellScriptBuildPhase;
			buildActionMask = 2147483647;
			files = (
			);
			inputFileListPaths = (
			);
			inputPaths = (
				"${PODS_PODFILE_DIR_PATH}/Podfile.lock",
				"${PODS_ROOT}/Manifest.lock",
			);
			name = "[CP] Check Pods Manifest.lock";
			outputFileListPaths = (
			);
			outputPaths = (
				"$(DERIVED_FILE_DIR)/Pods-HXSDK-iOS-Example-HXSDK-iOS-ExampleUITests-checkManifestLockResult.txt",
			);
			runOnlyForDeploymentPostprocessing = 0;
			shellPath = /bin/sh;
			shellScript = "diff \"${PODS_PODFILE_DIR_PATH}/Podfile.lock\" \"${PODS_ROOT}/Manifest.lock\" > /dev/null\nif [ $? != 0 ] ; then\n    # print error to STDERR\n    echo \"error: The sandbox is not in sync with the Podfile.lock. Run 'pod install' or update your CocoaPods installation.\" >&2\n    exit 1\nfi\n# This output is used by Xcode 'outputs' to avoid re-running this script phase.\necho \"SUCCESS\" > \"${SCRIPT_OUTPUT_FILE_0}\"\n";
			showEnvVarsInLog = 0;
		};
		AFF97EF52428D0CD2F559CCA /* [CP] Check Pods Manifest.lock */ = {
			isa = PBXShellScriptBuildPhase;
			buildActionMask = 2147483647;
			files = (
			);
			inputFileListPaths = (
			);
			inputPaths = (
				"${PODS_PODFILE_DIR_PATH}/Podfile.lock",
				"${PODS_ROOT}/Manifest.lock",
			);
			name = "[CP] Check Pods Manifest.lock";
			outputFileListPaths = (
			);
			outputPaths = (
				"$(DERIVED_FILE_DIR)/Pods-HXSDK-OC-Example-checkManifestLockResult.txt",
			);
			runOnlyForDeploymentPostprocessing = 0;
			shellPath = /bin/sh;
			shellScript = "diff \"${PODS_PODFILE_DIR_PATH}/Podfile.lock\" \"${PODS_ROOT}/Manifest.lock\" > /dev/null\nif [ $? != 0 ] ; then\n    # print error to STDERR\n    echo \"error: The sandbox is not in sync with the Podfile.lock. Run 'pod install' or update your CocoaPods installation.\" >&2\n    exit 1\nfi\n# This output is used by Xcode 'outputs' to avoid re-running this script phase.\necho \"SUCCESS\" > \"${SCRIPT_OUTPUT_FILE_0}\"\n";
			showEnvVarsInLog = 0;
		};
/* End PBXShellScriptBuildPhase section */

/* Begin PBXSourcesBuildPhase section */
		E41EA4EA2DFC787800923562 /* Sources */ = {
			isa = PBXSourcesBuildPhase;
			buildActionMask = 2147483647;
			files = (
			);
			runOnlyForDeploymentPostprocessing = 0;
		};
		E41EA5042DFC787900923562 /* Sources */ = {
			isa = PBXSourcesBuildPhase;
			buildActionMask = 2147483647;
			files = (
			);
			runOnlyForDeploymentPostprocessing = 0;
		};
		E41EA50E2DFC787900923562 /* Sources */ = {
			isa = PBXSourcesBuildPhase;
			buildActionMask = 2147483647;
			files = (
			);
			runOnlyForDeploymentPostprocessing = 0;
		};
		E48C3ECA2D99784A00557E1A /* Sources */ = {
			isa = PBXSourcesBuildPhase;
			buildActionMask = 2147483647;
			files = (
			);
			runOnlyForDeploymentPostprocessing = 0;
		};
		E48C3EE02D99784B00557E1A /* Sources */ = {
			isa = PBXSourcesBuildPhase;
			buildActionMask = 2147483647;
			files = (
			);
			runOnlyForDeploymentPostprocessing = 0;
		};
		E48C3EEA2D99784B00557E1A /* Sources */ = {
			isa = PBXSourcesBuildPhase;
			buildActionMask = 2147483647;
			files = (
			);
			runOnlyForDeploymentPostprocessing = 0;
		};
/* End PBXSourcesBuildPhase section */

/* Begin PBXTargetDependency section */
		E41EA50A2DFC787900923562 /* PBXTargetDependency */ = {
			isa = PBXTargetDependency;
			target = E41EA4ED2DFC787800923562 /* HXSDK-OC-Example */;
			targetProxy = E41EA5092DFC787900923562 /* PBXContainerItemProxy */;
		};
		E41EA5142DFC787900923562 /* PBXTargetDependency */ = {
			isa = PBXTargetDependency;
			target = E41EA4ED2DFC787800923562 /* HXSDK-OC-Example */;
			targetProxy = E41EA5132DFC787900923562 /* PBXContainerItemProxy */;
		};
		E48C3EE62D99784B00557E1A /* PBXTargetDependency */ = {
			isa = PBXTargetDependency;
			target = E48C3ECD2D99784A00557E1A /* HXSDK-iOS-Example */;
			targetProxy = E48C3EE52D99784B00557E1A /* PBXContainerItemProxy */;
		};
		E48C3EF02D99784B00557E1A /* PBXTargetDependency */ = {
			isa = PBXTargetDependency;
			target = E48C3ECD2D99784A00557E1A /* HXSDK-iOS-Example */;
			targetProxy = E48C3EEF2D99784B00557E1A /* PBXContainerItemProxy */;
		};
/* End PBXTargetDependency section */

/* Begin XCBuildConfiguration section */
		E41EA51A2DFC787900923562 /* Debug */ = {
			isa = XCBuildConfiguration;
			baseConfigurationReference = 174BEC0AE87BEB786928B04D /* Pods-HXSDK-OC-Example.debug.xcconfig */;
			buildSettings = {
				ASSETCATALOG_COMPILER_APPICON_NAME = AppIcon;
				ASSETCATALOG_COMPILER_GLOBAL_ACCENT_COLOR_NAME = AccentColor;
				CODE_SIGN_STYLE = Automatic;
				CURRENT_PROJECT_VERSION = 1;
				DEVELOPMENT_TEAM = 2HHTRN5N5L;
				ENABLE_USER_SCRIPT_SANDBOXING = NO;
				GENERATE_INFOPLIST_FILE = YES;
				INFOPLIST_FILE = "HXSDK-OC-Example/Info.plist";
				INFOPLIST_KEY_UIApplicationSupportsIndirectInputEvents = YES;
				INFOPLIST_KEY_UILaunchStoryboardName = LaunchScreen;
				INFOPLIST_KEY_UIMainStoryboardFile = Main;
				INFOPLIST_KEY_UISupportedInterfaceOrientations_iPad = "UIInterfaceOrientationPortrait UIInterfaceOrientationPortraitUpsideDown UIInterfaceOrientationLandscapeLeft UIInterfaceOrientationLandscapeRight";
				INFOPLIST_KEY_UISupportedInterfaceOrientations_iPhone = "UIInterfaceOrientationPortrait UIInterfaceOrientationLandscapeLeft UIInterfaceOrientationLandscapeRight";
				IPHONEOS_DEPLOYMENT_TARGET = 13.0;
				LD_RUNPATH_SEARCH_PATHS = (
					"$(inherited)",
					"@executable_path/Frameworks",
				);
				MARKETING_VERSION = 1.0;
				PRODUCT_BUNDLE_IDENTIFIER = "com.hxad.sdk.HXSDK-OC-Example";
				PRODUCT_NAME = "$(TARGET_NAME)";
				SWIFT_EMIT_LOC_STRINGS = YES;
				TARGETED_DEVICE_FAMILY = "1,2";
			};
			name = Debug;
		};
		E41EA51B2DFC787900923562 /* Release */ = {
			isa = XCBuildConfiguration;
			baseConfigurationReference = A19DF006DCB51AC23F7915AD /* Pods-HXSDK-OC-Example.release.xcconfig */;
			buildSettings = {
				ASSETCATALOG_COMPILER_APPICON_NAME = AppIcon;
				ASSETCATALOG_COMPILER_GLOBAL_ACCENT_COLOR_NAME = AccentColor;
				CODE_SIGN_STYLE = Automatic;
				CURRENT_PROJECT_VERSION = 1;
				DEVELOPMENT_TEAM = 2HHTRN5N5L;
				ENABLE_USER_SCRIPT_SANDBOXING = NO;
				GENERATE_INFOPLIST_FILE = YES;
				INFOPLIST_FILE = "HXSDK-OC-Example/Info.plist";
				INFOPLIST_KEY_UIApplicationSupportsIndirectInputEvents = YES;
				INFOPLIST_KEY_UILaunchStoryboardName = LaunchScreen;
				INFOPLIST_KEY_UIMainStoryboardFile = Main;
				INFOPLIST_KEY_UISupportedInterfaceOrientations_iPad = "UIInterfaceOrientationPortrait UIInterfaceOrientationPortraitUpsideDown UIInterfaceOrientationLandscapeLeft UIInterfaceOrientationLandscapeRight";
				INFOPLIST_KEY_UISupportedInterfaceOrientations_iPhone = "UIInterfaceOrientationPortrait UIInterfaceOrientationLandscapeLeft UIInterfaceOrientationLandscapeRight";
				IPHONEOS_DEPLOYMENT_TARGET = 13.0;
				LD_RUNPATH_SEARCH_PATHS = (
					"$(inherited)",
					"@executable_path/Frameworks",
				);
				MARKETING_VERSION = 1.0;
				PRODUCT_BUNDLE_IDENTIFIER = "com.hxad.sdk.HXSDK-OC-Example";
				PRODUCT_NAME = "$(TARGET_NAME)";
				SWIFT_EMIT_LOC_STRINGS = YES;
				TARGETED_DEVICE_FAMILY = "1,2";
			};
			name = Release;
		};
		E41EA51C2DFC787900923562 /* Debug */ = {
			isa = XCBuildConfiguration;
			buildSettings = {
				BUNDLE_LOADER = "$(TEST_HOST)";
				CODE_SIGN_STYLE = Automatic;
				CURRENT_PROJECT_VERSION = 1;
				GENERATE_INFOPLIST_FILE = YES;
				IPHONEOS_DEPLOYMENT_TARGET = 18.1;
				MARKETING_VERSION = 1.0;
				PRODUCT_BUNDLE_IDENTIFIER = "com.hxad.sdk.HXSDK-OC-Example.HXSDK-OC-ExampleTests";
				PRODUCT_NAME = "$(TARGET_NAME)";
				SWIFT_EMIT_LOC_STRINGS = NO;
				TARGETED_DEVICE_FAMILY = "1,2";
				TEST_HOST = "$(BUILT_PRODUCTS_DIR)/HXSDK-OC-Example.app/$(BUNDLE_EXECUTABLE_FOLDER_PATH)/HXSDK-OC-Example";
			};
			name = Debug;
		};
		E41EA51D2DFC787900923562 /* Release */ = {
			isa = XCBuildConfiguration;
			buildSettings = {
				BUNDLE_LOADER = "$(TEST_HOST)";
				CODE_SIGN_STYLE = Automatic;
				CURRENT_PROJECT_VERSION = 1;
				GENERATE_INFOPLIST_FILE = YES;
				IPHONEOS_DEPLOYMENT_TARGET = 18.1;
				MARKETING_VERSION = 1.0;
				PRODUCT_BUNDLE_IDENTIFIER = "com.hxad.sdk.HXSDK-OC-Example.HXSDK-OC-ExampleTests";
				PRODUCT_NAME = "$(TARGET_NAME)";
				SWIFT_EMIT_LOC_STRINGS = NO;
				TARGETED_DEVICE_FAMILY = "1,2";
				TEST_HOST = "$(BUILT_PRODUCTS_DIR)/HXSDK-OC-Example.app/$(BUNDLE_EXECUTABLE_FOLDER_PATH)/HXSDK-OC-Example";
			};
			name = Release;
		};
		E41EA51E2DFC787900923562 /* Debug */ = {
			isa = XCBuildConfiguration;
			buildSettings = {
				CODE_SIGN_STYLE = Automatic;
				CURRENT_PROJECT_VERSION = 1;
				GENERATE_INFOPLIST_FILE = YES;
				MARKETING_VERSION = 1.0;
				PRODUCT_BUNDLE_IDENTIFIER = "com.hxad.sdk.HXSDK-OC-Example.HXSDK-OC-ExampleUITests";
				PRODUCT_NAME = "$(TARGET_NAME)";
				SWIFT_EMIT_LOC_STRINGS = NO;
				TARGETED_DEVICE_FAMILY = "1,2";
				TEST_TARGET_NAME = "HXSDK-OC-Example";
			};
			name = Debug;
		};
		E41EA51F2DFC787900923562 /* Release */ = {
			isa = XCBuildConfiguration;
			buildSettings = {
				CODE_SIGN_STYLE = Automatic;
				CURRENT_PROJECT_VERSION = 1;
				GENERATE_INFOPLIST_FILE = YES;
				MARKETING_VERSION = 1.0;
				PRODUCT_BUNDLE_IDENTIFIER = "com.hxad.sdk.HXSDK-OC-Example.HXSDK-OC-ExampleUITests";
				PRODUCT_NAME = "$(TARGET_NAME)";
				SWIFT_EMIT_LOC_STRINGS = NO;
				TARGETED_DEVICE_FAMILY = "1,2";
				TEST_TARGET_NAME = "HXSDK-OC-Example";
			};
			name = Release;
		};
		E48C3EF82D99784B00557E1A /* Debug */ = {
			isa = XCBuildConfiguration;
			baseConfigurationReference = 32F77B89FCD145CD6A2CCCFD /* Pods-HXSDK-iOS-Example.debug.xcconfig */;
			buildSettings = {
				ASSETCATALOG_COMPILER_APPICON_NAME = AppIcon;
				ASSETCATALOG_COMPILER_GLOBAL_ACCENT_COLOR_NAME = AccentColor;
				CODE_SIGN_STYLE = Automatic;
				CURRENT_PROJECT_VERSION = 1;
				DEVELOPMENT_TEAM = 2HHTRN5N5L;
				ENABLE_USER_SCRIPT_SANDBOXING = NO;
				GENERATE_INFOPLIST_FILE = YES;
				INFOPLIST_FILE = "HXSDK-iOS-Example/Info.plist";
				INFOPLIST_KEY_UIApplicationSupportsIndirectInputEvents = YES;
				INFOPLIST_KEY_UILaunchStoryboardName = LaunchScreen;
				INFOPLIST_KEY_UIMainStoryboardFile = Main;
				INFOPLIST_KEY_UISupportedInterfaceOrientations_iPad = "UIInterfaceOrientationPortrait UIInterfaceOrientationPortraitUpsideDown UIInterfaceOrientationLandscapeLeft UIInterfaceOrientationLandscapeRight";
				INFOPLIST_KEY_UISupportedInterfaceOrientations_iPhone = "UIInterfaceOrientationPortrait UIInterfaceOrientationLandscapeLeft UIInterfaceOrientationLandscapeRight";
				IPHONEOS_DEPLOYMENT_TARGET = 13.0;
				LD_RUNPATH_SEARCH_PATHS = (
					"$(inherited)",
					"@executable_path/Frameworks",
				);
				MARKETING_VERSION = 1.0;
				PRODUCT_BUNDLE_IDENTIFIER = "com.hxad.sdk.HXSDK-iOS-Example";
				PRODUCT_NAME = "$(TARGET_NAME)";
				SWIFT_EMIT_LOC_STRINGS = YES;
				SWIFT_VERSION = 5.0;
				TARGETED_DEVICE_FAMILY = "1,2";
			};
			name = Debug;
		};
		E48C3EF92D99784B00557E1A /* Release */ = {
			isa = XCBuildConfiguration;
			baseConfigurationReference = 9CFAFB36473AEA085A1C401D /* Pods-HXSDK-iOS-Example.release.xcconfig */;
			buildSettings = {
				ASSETCATALOG_COMPILER_APPICON_NAME = AppIcon;
				ASSETCATALOG_COMPILER_GLOBAL_ACCENT_COLOR_NAME = AccentColor;
				CODE_SIGN_STYLE = Automatic;
				CURRENT_PROJECT_VERSION = 1;
				DEVELOPMENT_TEAM = 2HHTRN5N5L;
				ENABLE_USER_SCRIPT_SANDBOXING = NO;
				GENERATE_INFOPLIST_FILE = YES;
				INFOPLIST_FILE = "HXSDK-iOS-Example/Info.plist";
				INFOPLIST_KEY_UIApplicationSupportsIndirectInputEvents = YES;
				INFOPLIST_KEY_UILaunchStoryboardName = LaunchScreen;
				INFOPLIST_KEY_UIMainStoryboardFile = Main;
				INFOPLIST_KEY_UISupportedInterfaceOrientations_iPad = "UIInterfaceOrientationPortrait UIInterfaceOrientationPortraitUpsideDown UIInterfaceOrientationLandscapeLeft UIInterfaceOrientationLandscapeRight";
				INFOPLIST_KEY_UISupportedInterfaceOrientations_iPhone = "UIInterfaceOrientationPortrait UIInterfaceOrientationLandscapeLeft UIInterfaceOrientationLandscapeRight";
				IPHONEOS_DEPLOYMENT_TARGET = 13.0;
				LD_RUNPATH_SEARCH_PATHS = (
					"$(inherited)",
					"@executable_path/Frameworks",
				);
				MARKETING_VERSION = 1.0;
				PRODUCT_BUNDLE_IDENTIFIER = "com.hxad.sdk.HXSDK-iOS-Example";
				PRODUCT_NAME = "$(TARGET_NAME)";
				SWIFT_EMIT_LOC_STRINGS = YES;
				SWIFT_VERSION = 5.0;
				TARGETED_DEVICE_FAMILY = "1,2";
			};
			name = Release;
		};
		E48C3EFA2D99784B00557E1A /* Debug */ = {
			isa = XCBuildConfiguration;
			buildSettings = {
				ALWAYS_SEARCH_USER_PATHS = NO;
				ASSETCATALOG_COMPILER_GENERATE_SWIFT_ASSET_SYMBOL_EXTENSIONS = YES;
				CLANG_ANALYZER_NONNULL = YES;
				CLANG_ANALYZER_NUMBER_OBJECT_CONVERSION = YES_AGGRESSIVE;
				CLANG_CXX_LANGUAGE_STANDARD = "gnu++20";
				CLANG_ENABLE_MODULES = YES;
				CLANG_ENABLE_OBJC_ARC = YES;
				CLANG_ENABLE_OBJC_WEAK = YES;
				CLANG_WARN_BLOCK_CAPTURE_AUTORELEASING = YES;
				CLANG_WARN_BOOL_CONVERSION = YES;
				CLANG_WARN_COMMA = YES;
				CLANG_WARN_CONSTANT_CONVERSION = YES;
				CLANG_WARN_DEPRECATED_OBJC_IMPLEMENTATIONS = YES;
				CLANG_WARN_DIRECT_OBJC_ISA_USAGE = YES_ERROR;
				CLANG_WARN_DOCUMENTATION_COMMENTS = YES;
				CLANG_WARN_EMPTY_BODY = YES;
				CLANG_WARN_ENUM_CONVERSION = YES;
				CLANG_WARN_INFINITE_RECURSION = YES;
				CLANG_WARN_INT_CONVERSION = YES;
				CLANG_WARN_NON_LITERAL_NULL_CONVERSION = YES;
				CLANG_WARN_OBJC_IMPLICIT_RETAIN_SELF = YES;
				CLANG_WARN_OBJC_LITERAL_CONVERSION = YES;
				CLANG_WARN_OBJC_ROOT_CLASS = YES_ERROR;
				CLANG_WARN_QUOTED_INCLUDE_IN_FRAMEWORK_HEADER = YES;
				CLANG_WARN_RANGE_LOOP_ANALYSIS = YES;
				CLANG_WARN_STRICT_PROTOTYPES = YES;
				CLANG_WARN_SUSPICIOUS_MOVE = YES;
				CLANG_WARN_UNGUARDED_AVAILABILITY = YES_AGGRESSIVE;
				CLANG_WARN_UNREACHABLE_CODE = YES;
				CLANG_WARN__DUPLICATE_METHOD_MATCH = YES;
				COPY_PHASE_STRIP = NO;
				DEBUG_INFORMATION_FORMAT = dwarf;
				ENABLE_STRICT_OBJC_MSGSEND = YES;
				ENABLE_TESTABILITY = YES;
				ENABLE_USER_SCRIPT_SANDBOXING = YES;
				GCC_C_LANGUAGE_STANDARD = gnu17;
				GCC_DYNAMIC_NO_PIC = NO;
				GCC_NO_COMMON_BLOCKS = YES;
				GCC_OPTIMIZATION_LEVEL = 0;
				GCC_PREPROCESSOR_DEFINITIONS = (
					"DEBUG=1",
					"$(inherited)",
				);
				GCC_WARN_64_TO_32_BIT_CONVERSION = YES;
				GCC_WARN_ABOUT_RETURN_TYPE = YES_ERROR;
				GCC_WARN_UNDECLARED_SELECTOR = YES;
				GCC_WARN_UNINITIALIZED_AUTOS = YES_AGGRESSIVE;
				GCC_WARN_UNUSED_FUNCTION = YES;
				GCC_WARN_UNUSED_VARIABLE = YES;
				IPHONEOS_DEPLOYMENT_TARGET = 18.1;
				LOCALIZATION_PREFERS_STRING_CATALOGS = YES;
				MTL_ENABLE_DEBUG_INFO = INCLUDE_SOURCE;
				MTL_FAST_MATH = YES;
				ONLY_ACTIVE_ARCH = YES;
				SDKROOT = iphoneos;
				SWIFT_ACTIVE_COMPILATION_CONDITIONS = "DEBUG $(inherited)";
				SWIFT_OPTIMIZATION_LEVEL = "-Onone";
			};
			name = Debug;
		};
		E48C3EFB2D99784B00557E1A /* Release */ = {
			isa = XCBuildConfiguration;
			buildSettings = {
				ALWAYS_SEARCH_USER_PATHS = NO;
				ASSETCATALOG_COMPILER_GENERATE_SWIFT_ASSET_SYMBOL_EXTENSIONS = YES;
				CLANG_ANALYZER_NONNULL = YES;
				CLANG_ANALYZER_NUMBER_OBJECT_CONVERSION = YES_AGGRESSIVE;
				CLANG_CXX_LANGUAGE_STANDARD = "gnu++20";
				CLANG_ENABLE_MODULES = YES;
				CLANG_ENABLE_OBJC_ARC = YES;
				CLANG_ENABLE_OBJC_WEAK = YES;
				CLANG_WARN_BLOCK_CAPTURE_AUTORELEASING = YES;
				CLANG_WARN_BOOL_CONVERSION = YES;
				CLANG_WARN_COMMA = YES;
				CLANG_WARN_CONSTANT_CONVERSION = YES;
				CLANG_WARN_DEPRECATED_OBJC_IMPLEMENTATIONS = YES;
				CLANG_WARN_DIRECT_OBJC_ISA_USAGE = YES_ERROR;
				CLANG_WARN_DOCUMENTATION_COMMENTS = YES;
				CLANG_WARN_EMPTY_BODY = YES;
				CLANG_WARN_ENUM_CONVERSION = YES;
				CLANG_WARN_INFINITE_RECURSION = YES;
				CLANG_WARN_INT_CONVERSION = YES;
				CLANG_WARN_NON_LITERAL_NULL_CONVERSION = YES;
				CLANG_WARN_OBJC_IMPLICIT_RETAIN_SELF = YES;
				CLANG_WARN_OBJC_LITERAL_CONVERSION = YES;
				CLANG_WARN_OBJC_ROOT_CLASS = YES_ERROR;
				CLANG_WARN_QUOTED_INCLUDE_IN_FRAMEWORK_HEADER = YES;
				CLANG_WARN_RANGE_LOOP_ANALYSIS = YES;
				CLANG_WARN_STRICT_PROTOTYPES = YES;
				CLANG_WARN_SUSPICIOUS_MOVE = YES;
				CLANG_WARN_UNGUARDED_AVAILABILITY = YES_AGGRESSIVE;
				CLANG_WARN_UNREACHABLE_CODE = YES;
				CLANG_WARN__DUPLICATE_METHOD_MATCH = YES;
				COPY_PHASE_STRIP = NO;
				DEBUG_INFORMATION_FORMAT = "dwarf-with-dsym";
				ENABLE_NS_ASSERTIONS = NO;
				ENABLE_STRICT_OBJC_MSGSEND = YES;
				ENABLE_USER_SCRIPT_SANDBOXING = YES;
				GCC_C_LANGUAGE_STANDARD = gnu17;
				GCC_NO_COMMON_BLOCKS = YES;
				GCC_WARN_64_TO_32_BIT_CONVERSION = YES;
				GCC_WARN_ABOUT_RETURN_TYPE = YES_ERROR;
				GCC_WARN_UNDECLARED_SELECTOR = YES;
				GCC_WARN_UNINITIALIZED_AUTOS = YES_AGGRESSIVE;
				GCC_WARN_UNUSED_FUNCTION = YES;
				GCC_WARN_UNUSED_VARIABLE = YES;
				IPHONEOS_DEPLOYMENT_TARGET = 18.1;
				LOCALIZATION_PREFERS_STRING_CATALOGS = YES;
				MTL_ENABLE_DEBUG_INFO = NO;
				MTL_FAST_MATH = YES;
				SDKROOT = iphoneos;
				SWIFT_COMPILATION_MODE = wholemodule;
				VALIDATE_PRODUCT = YES;
			};
			name = Release;
		};
		E48C3EFD2D99784B00557E1A /* Debug */ = {
			isa = XCBuildConfiguration;
			baseConfigurationReference = 462B21562A63EAE51757CACA /* Pods-HXSDK-iOS-ExampleTests.debug.xcconfig */;
			buildSettings = {
				BUNDLE_LOADER = "$(TEST_HOST)";
				CODE_SIGN_STYLE = Automatic;
				CURRENT_PROJECT_VERSION = 1;
				GENERATE_INFOPLIST_FILE = YES;
				IPHONEOS_DEPLOYMENT_TARGET = 18.1;
				MARKETING_VERSION = 1.0;
				PRODUCT_BUNDLE_IDENTIFIER = "com.hxad.sdk.HXSDK-iOS-ExampleTests";
				PRODUCT_NAME = "$(TARGET_NAME)";
				SWIFT_EMIT_LOC_STRINGS = NO;
				SWIFT_VERSION = 5.0;
				TARGETED_DEVICE_FAMILY = "1,2";
				TEST_HOST = "$(BUILT_PRODUCTS_DIR)/HXSDK-iOS-Example.app/$(BUNDLE_EXECUTABLE_FOLDER_PATH)/HXSDK-iOS-Example";
			};
			name = Debug;
		};
		E48C3EFE2D99784B00557E1A /* Release */ = {
			isa = XCBuildConfiguration;
			baseConfigurationReference = 694B28670E01C3955AB5FF22 /* Pods-HXSDK-iOS-ExampleTests.release.xcconfig */;
			buildSettings = {
				BUNDLE_LOADER = "$(TEST_HOST)";
				CODE_SIGN_STYLE = Automatic;
				CURRENT_PROJECT_VERSION = 1;
				GENERATE_INFOPLIST_FILE = YES;
				IPHONEOS_DEPLOYMENT_TARGET = 18.1;
				MARKETING_VERSION = 1.0;
				PRODUCT_BUNDLE_IDENTIFIER = "com.hxad.sdk.HXSDK-iOS-ExampleTests";
				PRODUCT_NAME = "$(TARGET_NAME)";
				SWIFT_EMIT_LOC_STRINGS = NO;
				SWIFT_VERSION = 5.0;
				TARGETED_DEVICE_FAMILY = "1,2";
				TEST_HOST = "$(BUILT_PRODUCTS_DIR)/HXSDK-iOS-Example.app/$(BUNDLE_EXECUTABLE_FOLDER_PATH)/HXSDK-iOS-Example";
			};
			name = Release;
		};
		E48C3F002D99784B00557E1A /* Debug */ = {
			isa = XCBuildConfiguration;
			baseConfigurationReference = A72C4476D95388E3FB93E98E /* Pods-HXSDK-iOS-Example-HXSDK-iOS-ExampleUITests.debug.xcconfig */;
			buildSettings = {
				CODE_SIGN_STYLE = Automatic;
				CURRENT_PROJECT_VERSION = 1;
				GENERATE_INFOPLIST_FILE = YES;
				MARKETING_VERSION = 1.0;
				PRODUCT_BUNDLE_IDENTIFIER = "com.hxad.sdk.HXSDK-iOS-ExampleUITests";
				PRODUCT_NAME = "$(TARGET_NAME)";
				SWIFT_EMIT_LOC_STRINGS = NO;
				SWIFT_VERSION = 5.0;
				TARGETED_DEVICE_FAMILY = "1,2";
				TEST_TARGET_NAME = "HXSDK-iOS-Example";
			};
			name = Debug;
		};
		E48C3F012D99784B00557E1A /* Release */ = {
			isa = XCBuildConfiguration;
			baseConfigurationReference = ABFDFCD410758F070DE1AE2C /* Pods-HXSDK-iOS-Example-HXSDK-iOS-ExampleUITests.release.xcconfig */;
			buildSettings = {
				CODE_SIGN_STYLE = Automatic;
				CURRENT_PROJECT_VERSION = 1;
				GENERATE_INFOPLIST_FILE = YES;
				MARKETING_VERSION = 1.0;
				PRODUCT_BUNDLE_IDENTIFIER = "com.hxad.sdk.HXSDK-iOS-ExampleUITests";
				PRODUCT_NAME = "$(TARGET_NAME)";
				SWIFT_EMIT_LOC_STRINGS = NO;
				SWIFT_VERSION = 5.0;
				TARGETED_DEVICE_FAMILY = "1,2";
				TEST_TARGET_NAME = "HXSDK-iOS-Example";
			};
			name = Release;
		};
/* End XCBuildConfiguration section */

/* Begin XCConfigurationList section */
		E41EA5212DFC787900923562 /* Build configuration list for PBXNativeTarget "HXSDK-OC-Example" */ = {
			isa = XCConfigurationList;
			buildConfigurations = (
				E41EA51A2DFC787900923562 /* Debug */,
				E41EA51B2DFC787900923562 /* Release */,
			);
			defaultConfigurationIsVisible = 0;
			defaultConfigurationName = Release;
		};
		E41EA5222DFC787900923562 /* Build configuration list for PBXNativeTarget "HXSDK-OC-ExampleTests" */ = {
			isa = XCConfigurationList;
			buildConfigurations = (
				E41EA51C2DFC787900923562 /* Debug */,
				E41EA51D2DFC787900923562 /* Release */,
			);
			defaultConfigurationIsVisible = 0;
			defaultConfigurationName = Release;
		};
		E41EA5232DFC787900923562 /* Build configuration list for PBXNativeTarget "HXSDK-OC-ExampleUITests" */ = {
			isa = XCConfigurationList;
			buildConfigurations = (
				E41EA51E2DFC787900923562 /* Debug */,
				E41EA51F2DFC787900923562 /* Release */,
			);
			defaultConfigurationIsVisible = 0;
			defaultConfigurationName = Release;
		};
		E48C3EC92D99784A00557E1A /* Build configuration list for PBXProject "HXSDK-iOS-Example" */ = {
			isa = XCConfigurationList;
			buildConfigurations = (
				E48C3EFA2D99784B00557E1A /* Debug */,
				E48C3EFB2D99784B00557E1A /* Release */,
			);
			defaultConfigurationIsVisible = 0;
			defaultConfigurationName = Release;
		};
		E48C3EF72D99784B00557E1A /* Build configuration list for PBXNativeTarget "HXSDK-iOS-Example" */ = {
			isa = XCConfigurationList;
			buildConfigurations = (
				E48C3EF82D99784B00557E1A /* Debug */,
				E48C3EF92D99784B00557E1A /* Release */,
			);
			defaultConfigurationIsVisible = 0;
			defaultConfigurationName = Release;
		};
		E48C3EFC2D99784B00557E1A /* Build configuration list for PBXNativeTarget "HXSDK-iOS-ExampleTests" */ = {
			isa = XCConfigurationList;
			buildConfigurations = (
				E48C3EFD2D99784B00557E1A /* Debug */,
				E48C3EFE2D99784B00557E1A /* Release */,
			);
			defaultConfigurationIsVisible = 0;
			defaultConfigurationName = Release;
		};
		E48C3EFF2D99784B00557E1A /* Build configuration list for PBXNativeTarget "HXSDK-iOS-ExampleUITests" */ = {
			isa = XCConfigurationList;
			buildConfigurations = (
				E48C3F002D99784B00557E1A /* Debug */,
				E48C3F012D99784B00557E1A /* Release */,
			);
			defaultConfigurationIsVisible = 0;
			defaultConfigurationName = Release;
		};
/* End XCConfigurationList section */
	};
	rootObject = E48C3EC62D99784A00557E1A /* Project object */;
}
