PODS:
  - HXSDK/Core (3.1.2)
  - HXSDK/LY (3.1.2):
    - HXSDK/Core
    - PTGAdFramework (~> 2.2.75)
  - PTGAdFramework (2.2.75)

DEPENDENCIES:
  - HXSDK/LY (from `../`)

SPEC REPOS:
  https://github.com/CocoaPods/Specs.git:
    - PTGAdFramework

EXTERNAL SOURCES:
  HXSDK:
    :path: "../"

SPEC CHECKSUMS:
  HXSDK: ed021bd3cc14e8e24f4a301ac03c4db4ac2f598c
  PTGAdFramework: dc5e40c372f2a736a382324620258e09a07bde74

PODFILE CHECKSUM: f0fdae2779509df725485c8be2888c4929284f74

COCOAPODS: 1.16.2
